
Microsoft Visual Studio Solution File, Format Version 12.00
# Visual Studio Version 17
VisualStudioVersion = 17.6.33815.320
MinimumVisualStudioVersion = 10.0.40219.1
Project("{FAE04EC0-301F-11D3-BF4B-00C04F79EFBC}") = "ConApp_Array", "ConApp_Array.csproj", "{E5ABEC8A-8B36-4CD3-BDF3-D5EDDD31E363}"
EndProject
Global
	GlobalSection(SolutionConfigurationPlatforms) = preSolution
		Debug|Any CPU = Debug|Any CPU
		Release|Any CPU = Release|Any CPU
	EndGlobalSection
	GlobalSection(ProjectConfigurationPlatforms) = postSolution
		{E5ABEC8A-8B36-4CD3-BDF3-D5EDDD31E363}.Debug|Any CPU.ActiveCfg = Debug|Any CPU
		{E5ABEC8A-8B36-4CD3-BDF3-D5EDDD31E363}.Debug|Any CPU.Build.0 = Debug|Any CPU
		{E5ABEC8A-8B36-4CD3-BDF3-D5EDDD31E363}.Release|Any CPU.ActiveCfg = Release|Any CPU
		{E5ABEC8A-8B36-4CD3-BDF3-D5EDDD31E363}.Release|Any CPU.Build.0 = Release|Any CPU
	EndGlobalSection
	GlobalSection(SolutionProperties) = preSolution
		HideSolutionNode = FALSE
	EndGlobalSection
	GlobalSection(ExtensibilityGlobals) = postSolution
		SolutionGuid = {9264B846-A0A5-44F8-8B3A-6C9F356661A3}
	EndGlobalSection
EndGlobal
